
Microsoft Visual Studio Solution File, Format Version 12.00
# Visual Studio Version 17
VisualStudioVersion = 17.7.34202.233
MinimumVisualStudioVersion = 10.0.40219.1
Project("{8BC9CEB8-8B4A-11D0-8D11-00A0C91BC942}") = "immersive_gloves_controller", "immersive_gloves_controller.vcxproj", "{7F316A7F-7D17-4D8B-9CAE-AB38BB1CD281}"
EndProject
Global
	GlobalSection(SolutionConfigurationPlatforms) = preSolution
		Debug|x64 = Debug|x64
		Debug|x86 = Debug|x86
		Release|x64 = Release|x64
		Release|x86 = Release|x86
	EndGlobalSection
	GlobalSection(ProjectConfigurationPlatforms) = postSolution
		{7F316A7F-7D17-4D8B-9CAE-AB38BB1CD281}.Debug|x64.ActiveCfg = Debug|x64
		{7F316A7F-7D17-4D8B-9CAE-AB38BB1CD281}.Debug|x64.Build.0 = Debug|x64
		{7F316A7F-7D17-4D8B-9CAE-AB38BB1CD281}.Debug|x86.ActiveCfg = Debug|Win32
		{7F316A7F-7D17-4D8B-9CAE-AB38BB1CD281}.Debug|x86.Build.0 = Debug|Win32
		{7F316A7F-7D17-4D8B-9CAE-AB38BB1CD281}.Release|x64.ActiveCfg = Release|x64
		{7F316A7F-7D17-4D8B-9CAE-AB38BB1CD281}.Release|x64.Build.0 = Release|x64
		{7F316A7F-7D17-4D8B-9CAE-AB38BB1CD281}.Release|x86.ActiveCfg = Release|Win32
		{7F316A7F-7D17-4D8B-9CAE-AB38BB1CD281}.Release|x86.Build.0 = Release|Win32
	EndGlobalSection
	GlobalSection(SolutionProperties) = preSolution
		HideSolutionNode = FALSE
	EndGlobalSection
	GlobalSection(ExtensibilityGlobals) = postSolution
		SolutionGuid = {18826379-6B51-46C3-A121-E536AADD2845}
	EndGlobalSection
EndGlobal
